// !$*UTF8*$!
{
	archiveVersion = 1;
	classes = {
	};
	objectVersion = 46;
	objects = {

/* Begin PBXBuildFile section */
		84361D301D7658CC0073505E /* User.m in Sources */ = {isa = PBXBuildFile; fileRef = 84361D2F1D7658CC0073505E /* User.m */; };
		84F53B701D73E19700B5E61A /* main.m in Sources */ = {isa = PBXBuildFile; fileRef = 84F53B6F1D73E19700B5E61A /* main.m */; };
		84F53B731D73E19700B5E61A /* AppDelegate.m in Sources */ = {isa = PBXBuildFile; fileRef = 84F53B721D73E19700B5E61A /* AppDelegate.m */; };
		84F53B761D73E19700B5E61A /* ViewController.m in Sources */ = {isa = PBXBuildFile; fileRef = 84F53B751D73E19700B5E61A /* ViewController.m */; };
		84F53B791D73E19700B5E61A /* Main.storyboard in Resources */ = {isa = PBXBuildFile; fileRef = 84F53B771D73E19700B5E61A /* Main.storyboard */; };
		84F53B7B1D73E19700B5E61A /* Assets.xcassets in Resources */ = {isa = PBXBuildFile; fileRef = 84F53B7A1D73E19700B5E61A /* Assets.xcassets */; };
		84F53B7E1D73E19700B5E61A /* LaunchScreen.storyboard in Resources */ = {isa = PBXBuildFile; fileRef = 84F53B7C1D73E19700B5E61A /* LaunchScreen.storyboard */; };
		84F53B891D73E19700B5E61A /* TheChineseCharacterSortingTests.m in Sources */ = {isa = PBXBuildFile; fileRef = 84F53B881D73E19700B5E61A /* TheChineseCharacterSortingTests.m */; };
		84F53B941D73E19700B5E61A /* TheChineseCharacterSortingUITests.m in Sources */ = {isa = PBXBuildFile; fileRef = 84F53B931D73E19700B5E61A /* TheChineseCharacterSortingUITests.m */; };
		84F53BE51D7407F200B5E61A /* TableHeaderView.m in Sources */ = {isa = PBXBuildFile; fileRef = 84F53BE41D7407F200B5E61A /* TableHeaderView.m */; };
		84F53BE71D743ABB00B5E61A /* 录制的gif.gif in Resources */ = {isa = PBXBuildFile; fileRef = 84F53BE61D743ABB00B5E61A /* 录制的gif.gif */; };
/* End PBXBuildFile section */

/* Begin PBXContainerItemProxy section */
		84F53B851D73E19700B5E61A /* PBXContainerItemProxy */ = {
			isa = PBXContainerItemProxy;
			containerPortal = 84F53B631D73E19700B5E61A /* Project object */;
			proxyType = 1;
			remoteGlobalIDString = 84F53B6A1D73E19700B5E61A;
			remoteInfo = TheChineseCharacterSorting;
		};
		84F53B901D73E19700B5E61A /* PBXContainerItemProxy */ = {
			isa = PBXContainerItemProxy;
			containerPortal = 84F53B631D73E19700B5E61A /* Project object */;
			proxyType = 1;
			remoteGlobalIDString = 84F53B6A1D73E19700B5E61A;
			remoteInfo = TheChineseCharacterSorting;
		};
/* End PBXContainerItemProxy section */

/* Begin PBXFileReference section */
		84361D2E1D7658CC0073505E /* User.h */ = {isa = PBXFileReference; fileEncoding = 4; lastKnownFileType = sourcecode.c.h; path = User.h; sourceTree = "<group>"; };
		84361D2F1D7658CC0073505E /* User.m */ = {isa = PBXFileReference; fileEncoding = 4; lastKnownFileType = sourcecode.c.objc; path = User.m; sourceTree = "<group>"; };
		84F53B6B1D73E19700B5E61A /* TheChineseCharacterSorting.app */ = {isa = PBXFileReference; explicitFileType = wrapper.application; includeInIndex = 0; path = TheChineseCharacterSorting.app; sourceTree = BUILT_PRODUCTS_DIR; };
		84F53B6F1D73E19700B5E61A /* main.m */ = {isa = PBXFileReference; lastKnownFileType = sourcecode.c.objc; path = main.m; sourceTree = "<group>"; };
		84F53B711D73E19700B5E61A /* AppDelegate.h */ = {isa = PBXFileReference; lastKnownFileType = sourcecode.c.h; path = AppDelegate.h; sourceTree = "<group>"; };
		84F53B721D73E19700B5E61A /* AppDelegate.m */ = {isa = PBXFileReference; lastKnownFileType = sourcecode.c.objc; path = AppDelegate.m; sourceTree = "<group>"; };
		84F53B741D73E19700B5E61A /* ViewController.h */ = {isa = PBXFileReference; lastKnownFileType = sourcecode.c.h; path = ViewController.h; sourceTree = "<group>"; };
		84F53B751D73E19700B5E61A /* ViewController.m */ = {isa = PBXFileReference; lastKnownFileType = sourcecode.c.objc; path = ViewController.m; sourceTree = "<group>"; };
		84F53B781D73E19700B5E61A /* Base */ = {isa = PBXFileReference; lastKnownFileType = file.storyboard; name = Base; path = Base.lproj/Main.storyboard; sourceTree = "<group>"; };
		84F53B7A1D73E19700B5E61A /* Assets.xcassets */ = {isa = PBXFileReference; lastKnownFileType = folder.assetcatalog; path = Assets.xcassets; sourceTree = "<group>"; };
		84F53B7D1D73E19700B5E61A /* Base */ = {isa = PBXFileReference; lastKnownFileType = file.storyboard; name = Base; path = Base.lproj/LaunchScreen.storyboard; sourceTree = "<group>"; };
		84F53B7F1D73E19700B5E61A /* Info.plist */ = {isa = PBXFileReference; lastKnownFileType = text.plist.xml; path = Info.plist; sourceTree = "<group>"; };
		84F53B841D73E19700B5E61A /* TheChineseCharacterSortingTests.xctest */ = {isa = PBXFileReference; explicitFileType = wrapper.cfbundle; includeInIndex = 0; path = TheChineseCharacterSortingTests.xctest; sourceTree = BUILT_PRODUCTS_DIR; };
		84F53B881D73E19700B5E61A /* TheChineseCharacterSortingTests.m */ = {isa = PBXFileReference; lastKnownFileType = sourcecode.c.objc; path = TheChineseCharacterSortingTests.m; sourceTree = "<group>"; };
		84F53B8A1D73E19700B5E61A /* Info.plist */ = {isa = PBXFileReference; lastKnownFileType = text.plist.xml; path = Info.plist; sourceTree = "<group>"; };
		84F53B8F1D73E19700B5E61A /* TheChineseCharacterSortingUITests.xctest */ = {isa = PBXFileReference; explicitFileType = wrapper.cfbundle; includeInIndex = 0; path = TheChineseCharacterSortingUITests.xctest; sourceTree = BUILT_PRODUCTS_DIR; };
		84F53B931D73E19700B5E61A /* TheChineseCharacterSortingUITests.m */ = {isa = PBXFileReference; lastKnownFileType = sourcecode.c.objc; path = TheChineseCharacterSortingUITests.m; sourceTree = "<group>"; };
		84F53B951D73E19700B5E61A /* Info.plist */ = {isa = PBXFileReference; lastKnownFileType = text.plist.xml; path = Info.plist; sourceTree = "<group>"; };
		84F53BE31D7407F200B5E61A /* TableHeaderView.h */ = {isa = PBXFileReference; fileEncoding = 4; lastKnownFileType = sourcecode.c.h; path = TableHeaderView.h; sourceTree = "<group>"; };
		84F53BE41D7407F200B5E61A /* TableHeaderView.m */ = {isa = PBXFileReference; fileEncoding = 4; lastKnownFileType = sourcecode.c.objc; path = TableHeaderView.m; sourceTree = "<group>"; };
		84F53BE61D743ABB00B5E61A /* 录制的gif.gif */ = {isa = PBXFileReference; lastKnownFileType = image.gif; path = "录制的gif.gif"; sourceTree = "<group>"; };
/* End PBXFileReference section */

/* Begin PBXFrameworksBuildPhase section */
		84F53B681D73E19700B5E61A /* Frameworks */ = {
			isa = PBXFrameworksBuildPhase;
			buildActionMask = 2147483647;
			files = (
			);
			runOnlyForDeploymentPostprocessing = 0;
		};
		84F53B811D73E19700B5E61A /* Frameworks */ = {
			isa = PBXFrameworksBuildPhase;
			buildActionMask = 2147483647;
			files = (
			);
			runOnlyForDeploymentPostprocessing = 0;
		};
		84F53B8C1D73E19700B5E61A /* Frameworks */ = {
			isa = PBXFrameworksBuildPhase;
			buildActionMask = 2147483647;
			files = (
			);
			runOnlyForDeploymentPostprocessing = 0;
		};
/* End PBXFrameworksBuildPhase section */

/* Begin PBXGroup section */
		84F53B621D73E19700B5E61A = {
			isa = PBXGroup;
			children = (
				84F53B6D1D73E19700B5E61A /* TheChineseCharacterSorting */,
				84F53B871D73E19700B5E61A /* TheChineseCharacterSortingTests */,
				84F53B921D73E19700B5E61A /* TheChineseCharacterSortingUITests */,
				84F53B6C1D73E19700B5E61A /* Products */,
			);
			sourceTree = "<group>";
		};
		84F53B6C1D73E19700B5E61A /* Products */ = {
			isa = PBXGroup;
			children = (
				84F53B6B1D73E19700B5E61A /* TheChineseCharacterSorting.app */,
				84F53B841D73E19700B5E61A /* TheChineseCharacterSortingTests.xctest */,
				84F53B8F1D73E19700B5E61A /* TheChineseCharacterSortingUITests.xctest */,
			);
			name = Products;
			sourceTree = "<group>";
		};
		84F53B6D1D73E19700B5E61A /* TheChineseCharacterSorting */ = {
			isa = PBXGroup;
			children = (
				84F53BE61D743ABB00B5E61A /* 录制的gif.gif */,
				84F53B711D73E19700B5E61A /* AppDelegate.h */,
				84F53B721D73E19700B5E61A /* AppDelegate.m */,
				84F53B741D73E19700B5E61A /* ViewController.h */,
				84F53B751D73E19700B5E61A /* ViewController.m */,
				84F53BE31D7407F200B5E61A /* TableHeaderView.h */,
				84F53BE41D7407F200B5E61A /* TableHeaderView.m */,
				84361D2E1D7658CC0073505E /* User.h */,
				84361D2F1D7658CC0073505E /* User.m */,
				84F53B771D73E19700B5E61A /* Main.storyboard */,
				84F53B7A1D73E19700B5E61A /* Assets.xcassets */,
				84F53B7C1D73E19700B5E61A /* LaunchScreen.storyboard */,
				84F53B7F1D73E19700B5E61A /* Info.plist */,
				84F53B6E1D73E19700B5E61A /* Supporting Files */,
			);
			path = TheChineseCharacterSorting;
			sourceTree = "<group>";
		};
		84F53B6E1D73E19700B5E61A /* Supporting Files */ = {
			isa = PBXGroup;
			children = (
				84F53B6F1D73E19700B5E61A /* main.m */,
			);
			name = "Supporting Files";
			sourceTree = "<group>";
		};
		84F53B871D73E19700B5E61A /* TheChineseCharacterSortingTests */ = {
			isa = PBXGroup;
			children = (
				84F53B881D73E19700B5E61A /* TheChineseCharacterSortingTests.m */,
				84F53B8A1D73E19700B5E61A /* Info.plist */,
			);
			path = TheChineseCharacterSortingTests;
			sourceTree = "<group>";
		};
		84F53B921D73E19700B5E61A /* TheChineseCharacterSortingUITests */ = {
			isa = PBXGroup;
			children = (
				84F53B931D73E19700B5E61A /* TheChineseCharacterSortingUITests.m */,
				84F53B951D73E19700B5E61A /* Info.plist */,
			);
			path = TheChineseCharacterSortingUITests;
			sourceTree = "<group>";
		};
/* End PBXGroup section */

/* Begin PBXNativeTarget section */
		84F53B6A1D73E19700B5E61A /* TheChineseCharacterSorting */ = {
			isa = PBXNativeTarget;
			buildConfigurationList = 84F53B981D73E19700B5E61A /* Build configuration list for PBXNativeTarget "TheChineseCharacterSorting" */;
			buildPhases = (
				84F53B671D73E19700B5E61A /* Sources */,
				84F53B681D73E19700B5E61A /* Frameworks */,
				84F53B691D73E19700B5E61A /* Resources */,
			);
			buildRules = (
			);
			dependencies = (
			);
			name = TheChineseCharacterSorting;
			productName = TheChineseCharacterSorting;
			productReference = 84F53B6B1D73E19700B5E61A /* TheChineseCharacterSorting.app */;
			productType = "com.apple.product-type.application";
		};
		84F53B831D73E19700B5E61A /* TheChineseCharacterSortingTests */ = {
			isa = PBXNativeTarget;
			buildConfigurationList = 84F53B9B1D73E19700B5E61A /* Build configuration list for PBXNativeTarget "TheChineseCharacterSortingTests" */;
			buildPhases = (
				84F53B801D73E19700B5E61A /* Sources */,
				84F53B811D73E19700B5E61A /* Frameworks */,
				84F53B821D73E19700B5E61A /* Resources */,
			);
			buildRules = (
			);
			dependencies = (
				84F53B861D73E19700B5E61A /* PBXTargetDependency */,
			);
			name = TheChineseCharacterSortingTests;
			productName = TheChineseCharacterSortingTests;
			productReference = 84F53B841D73E19700B5E61A /* TheChineseCharacterSortingTests.xctest */;
			productType = "com.apple.product-type.bundle.unit-test";
		};
		84F53B8E1D73E19700B5E61A /* TheChineseCharacterSortingUITests */ = {
			isa = PBXNativeTarget;
			buildConfigurationList = 84F53B9E1D73E19700B5E61A /* Build configuration list for PBXNativeTarget "TheChineseCharacterSortingUITests" */;
			buildPhases = (
				84F53B8B1D73E19700B5E61A /* Sources */,
				84F53B8C1D73E19700B5E61A /* Frameworks */,
				84F53B8D1D73E19700B5E61A /* Resources */,
			);
			buildRules = (
			);
			dependencies = (
				84F53B911D73E19700B5E61A /* PBXTargetDependency */,
			);
			name = TheChineseCharacterSortingUITests;
			productName = TheChineseCharacterSortingUITests;
			productReference = 84F53B8F1D73E19700B5E61A /* TheChineseCharacterSortingUITests.xctest */;
			productType = "com.apple.product-type.bundle.ui-testing";
		};
/* End PBXNativeTarget section */

/* Begin PBXProject section */
		84F53B631D73E19700B5E61A /* Project object */ = {
			isa = PBXProject;
			attributes = {
				LastUpgradeCheck = 0730;
				ORGANIZATIONNAME = admin;
				TargetAttributes = {
					84F53B6A1D73E19700B5E61A = {
						CreatedOnToolsVersion = 7.3.1;
					};
					84F53B831D73E19700B5E61A = {
						CreatedOnToolsVersion = 7.3.1;
						TestTargetID = 84F53B6A1D73E19700B5E61A;
					};
					84F53B8E1D73E19700B5E61A = {
						CreatedOnToolsVersion = 7.3.1;
						TestTargetID = 84F53B6A1D73E19700B5E61A;
					};
				};
			};
			buildConfigurationList = 84F53B661D73E19700B5E61A /* Build configuration list for PBXProject "TheChineseCharacterSorting" */;
			compatibilityVersion = "Xcode 3.2";
			developmentRegion = English;
			hasScannedForEncodings = 0;
			knownRegions = (
				en,
				Base,
			);
			mainGroup = 84F53B621D73E19700B5E61A;
			productRefGroup = 84F53B6C1D73E19700B5E61A /* Products */;
			projectDirPath = "";
			projectRoot = "";
			targets = (
				84F53B6A1D73E19700B5E61A /* TheChineseCharacterSorting */,
				84F53B831D73E19700B5E61A /* TheChineseCharacterSortingTests */,
				84F53B8E1D73E19700B5E61A /* TheChineseCharacterSortingUITests */,
			);
		};
/* End PBXProject section */

/* Begin PBXResourcesBuildPhase section */
		84F53B691D73E19700B5E61A /* Resources */ = {
			isa = PBXResourcesBuildPhase;
			buildActionMask = 2147483647;
			files = (
				84F53B7E1D73E19700B5E61A /* LaunchScreen.storyboard in Resources */,
				84F53B7B1D73E19700B5E61A /* Assets.xcassets in Resources */,
				84F53B791D73E19700B5E61A /* Main.storyboard in Resources */,
				84F53BE71D743ABB00B5E61A /* 录制的gif.gif in Resources */,
			);
			runOnlyForDeploymentPostprocessing = 0;
		};
		84F53B821D73E19700B5E61A /* Resources */ = {
			isa = PBXResourcesBuildPhase;
			buildActionMask = 2147483647;
			files = (
			);
			runOnlyForDeploymentPostprocessing = 0;
		};
		84F53B8D1D73E19700B5E61A /* Resources */ = {
			isa = PBXResourcesBuildPhase;
			buildActionMask = 2147483647;
			files = (
			);
			runOnlyForDeploymentPostprocessing = 0;
		};
/* End PBXResourcesBuildPhase section */

/* Begin PBXSourcesBuildPhase section */
		84F53B671D73E19700B5E61A /* Sources */ = {
			isa = PBXSourcesBuildPhase;
			buildActionMask = 2147483647;
			files = (
				84361D301D7658CC0073505E /* User.m in Sources */,
				84F53BE51D7407F200B5E61A /* TableHeaderView.m in Sources */,
				84F53B761D73E19700B5E61A /* ViewController.m in Sources */,
				84F53B731D73E19700B5E61A /* AppDelegate.m in Sources */,
				84F53B701D73E19700B5E61A /* main.m in Sources */,
			);
			runOnlyForDeploymentPostprocessing = 0;
		};
		84F53B801D73E19700B5E61A /* Sources */ = {
			isa = PBXSourcesBuildPhase;
			buildActionMask = 2147483647;
			files = (
				84F53B891D73E19700B5E61A /* TheChineseCharacterSortingTests.m in Sources */,
			);
			runOnlyForDeploymentPostprocessing = 0;
		};
		84F53B8B1D73E19700B5E61A /* Sources */ = {
			isa = PBXSourcesBuildPhase;
			buildActionMask = 2147483647;
			files = (
				84F53B941D73E19700B5E61A /* TheChineseCharacterSortingUITests.m in Sources */,
			);
			runOnlyForDeploymentPostprocessing = 0;
		};
/* End PBXSourcesBuildPhase section */

/* Begin PBXTargetDependency section */
		84F53B861D73E19700B5E61A /* PBXTargetDependency */ = {
			isa = PBXTargetDependency;
			target = 84F53B6A1D73E19700B5E61A /* TheChineseCharacterSorting */;
			targetProxy = 84F53B851D73E19700B5E61A /* PBXContainerItemProxy */;
		};
		84F53B911D73E19700B5E61A /* PBXTargetDependency */ = {
			isa = PBXTargetDependency;
			target = 84F53B6A1D73E19700B5E61A /* TheChineseCharacterSorting */;
			targetProxy = 84F53B901D73E19700B5E61A /* PBXContainerItemProxy */;
		};
/* End PBXTargetDependency section */

/* Begin PBXVariantGroup section */
		84F53B771D73E19700B5E61A /* Main.storyboard */ = {
			isa = PBXVariantGroup;
			children = (
				84F53B781D73E19700B5E61A /* Base */,
			);
			name = Main.storyboard;
			sourceTree = "<group>";
		};
		84F53B7C1D73E19700B5E61A /* LaunchScreen.storyboard */ = {
			isa = PBXVariantGroup;
			children = (
				84F53B7D1D73E19700B5E61A /* Base */,
			);
			name = LaunchScreen.storyboard;
			sourceTree = "<group>";
		};
/* End PBXVariantGroup section */

/* Begin XCBuildConfiguration section */
		84F53B961D73E19700B5E61A /* Debug */ = {
			isa = XCBuildConfiguration;
			buildSettings = {
				ALWAYS_SEARCH_USER_PATHS = NO;
				CLANG_ANALYZER_NONNULL = YES;
				CLANG_CXX_LANGUAGE_STANDARD = "gnu++0x";
				CLANG_CXX_LIBRARY = "libc++";
				CLANG_ENABLE_MODULES = YES;
				CLANG_ENABLE_OBJC_ARC = YES;
				CLANG_WARN_BOOL_CONVERSION = YES;
				CLANG_WARN_CONSTANT_CONVERSION = YES;
				CLANG_WARN_DIRECT_OBJC_ISA_USAGE = YES_ERROR;
				CLANG_WARN_EMPTY_BODY = YES;
				CLANG_WARN_ENUM_CONVERSION = YES;
				CLANG_WARN_INT_CONVERSION = YES;
				CLANG_WARN_OBJC_ROOT_CLASS = YES_ERROR;
				CLANG_WARN_UNREACHABLE_CODE = YES;
				CLANG_WARN__DUPLICATE_METHOD_MATCH = YES;
				"CODE_SIGN_IDENTITY[sdk=iphoneos*]" = "iPhone Developer";
				COPY_PHASE_STRIP = NO;
				DEBUG_INFORMATION_FORMAT = dwarf;
				ENABLE_STRICT_OBJC_MSGSEND = YES;
				ENABLE_TESTABILITY = YES;
				GCC_C_LANGUAGE_STANDARD = gnu99;
				GCC_DYNAMIC_NO_PIC = NO;
				GCC_NO_COMMON_BLOCKS = YES;
				GCC_OPTIMIZATION_LEVEL = 0;
				GCC_PREPROCESSOR_DEFINITIONS = (
					"DEBUG=1",
					"$(inherited)",
				);
				GCC_WARN_64_TO_32_BIT_CONVERSION = YES;
				GCC_WARN_ABOUT_RETURN_TYPE = YES_ERROR;
				GCC_WARN_UNDECLARED_SELECTOR = YES;
				GCC_WARN_UNINITIALIZED_AUTOS = YES_AGGRESSIVE;
				GCC_WARN_UNUSED_FUNCTION = YES;
				GCC_WARN_UNUSED_VARIABLE = YES;
				IPHONEOS_DEPLOYMENT_TARGET = 9.3;
				MTL_ENABLE_DEBUG_INFO = YES;
				ONLY_ACTIVE_ARCH = YES;
				SDKROOT = iphoneos;
			};
			name = Debug;
		};
		84F53B971D73E19700B5E61A /* Release */ = {
			isa = XCBuildConfiguration;
			buildSettings = {
				ALWAYS_SEARCH_USER_PATHS = NO;
				CLANG_ANALYZER_NONNULL = YES;
				CLANG_CXX_LANGUAGE_STANDARD = "gnu++0x";
				CLANG_CXX_LIBRARY = "libc++";
				CLANG_ENABLE_MODULES = YES;
				CLANG_ENABLE_OBJC_ARC = YES;
				CLANG_WARN_BOOL_CONVERSION = YES;
				CLANG_WARN_CONSTANT_CONVERSION = YES;
				CLANG_WARN_DIRECT_OBJC_ISA_USAGE = YES_ERROR;
				CLANG_WARN_EMPTY_BODY = YES;
				CLANG_WARN_ENUM_CONVERSION = YES;
				CLANG_WARN_INT_CONVERSION = YES;
				CLANG_WARN_OBJC_ROOT_CLASS = YES_ERROR;
				CLANG_WARN_UNREACHABLE_CODE = YES;
				CLANG_WARN__DUPLICATE_METHOD_MATCH = YES;
				"CODE_SIGN_IDENTITY[sdk=iphoneos*]" = "iPhone Developer";
				COPY_PHASE_STRIP = NO;
				DEBUG_INFORMATION_FORMAT = "dwarf-with-dsym";
				ENABLE_NS_ASSERTIONS = NO;
				ENABLE_STRICT_OBJC_MSGSEND = YES;
				GCC_C_LANGUAGE_STANDARD = gnu99;
				GCC_NO_COMMON_BLOCKS = YES;
				GCC_WARN_64_TO_32_BIT_CONVERSION = YES;
				GCC_WARN_ABOUT_RETURN_TYPE = YES_ERROR;
				GCC_WARN_UNDECLARED_SELECTOR = YES;
				GCC_WARN_UNINITIALIZED_AUTOS = YES_AGGRESSIVE;
				GCC_WARN_UNUSED_FUNCTION = YES;
				GCC_WARN_UNUSED_VARIABLE = YES;
				IPHONEOS_DEPLOYMENT_TARGET = 9.3;
				MTL_ENABLE_DEBUG_INFO = NO;
				SDKROOT = iphoneos;
				VALIDATE_PRODUCT = YES;
			};
			name = Release;
		};
		84F53B991D73E19700B5E61A /* Debug */ = {
			isa = XCBuildConfiguration;
			buildSettings = {
				ASSETCATALOG_COMPILER_APPICON_NAME = AppIcon;
				INFOPLIST_FILE = TheChineseCharacterSorting/Info.plist;
				LD_RUNPATH_SEARCH_PATHS = "$(inherited) @executable_path/Frameworks";
				PRODUCT_BUNDLE_IDENTIFIER = wizet.TheChineseCharacterSorting;
				PRODUCT_NAME = "$(TARGET_NAME)";
			};
			name = Debug;
		};
		84F53B9A1D73E19700B5E61A /* Release */ = {
			isa = XCBuildConfiguration;
			buildSettings = {
				ASSETCATALOG_COMPILER_APPICON_NAME = AppIcon;
				INFOPLIST_FILE = TheChineseCharacterSorting/Info.plist;
				LD_RUNPATH_SEARCH_PATHS = "$(inherited) @executable_path/Frameworks";
				PRODUCT_BUNDLE_IDENTIFIER = wizet.TheChineseCharacterSorting;
				PRODUCT_NAME = "$(TARGET_NAME)";
			};
			name = Release;
		};
		84F53B9C1D73E19700B5E61A /* Debug */ = {
			isa = XCBuildConfiguration;
			buildSettings = {
				BUNDLE_LOADER = "$(TEST_HOST)";
				INFOPLIST_FILE = TheChineseCharacterSortingTests/Info.plist;
				LD_RUNPATH_SEARCH_PATHS = "$(inherited) @executable_path/Frameworks @loader_path/Frameworks";
				PRODUCT_BUNDLE_IDENTIFIER = wizet.TheChineseCharacterSortingTests;
				PRODUCT_NAME = "$(TARGET_NAME)";
				TEST_HOST = "$(BUILT_PRODUCTS_DIR)/TheChineseCharacterSorting.app/TheChineseCharacterSorting";
			};
			name = Debug;
		};
		84F53B9D1D73E19700B5E61A /* Release */ = {
			isa = XCBuildConfiguration;
			buildSettings = {
				BUNDLE_LOADER = "$(TEST_HOST)";
				INFOPLIST_FILE = TheChineseCharacterSortingTests/Info.plist;
				LD_RUNPATH_SEARCH_PATHS = "$(inherited) @executable_path/Frameworks @loader_path/Frameworks";
				PRODUCT_BUNDLE_IDENTIFIER = wizet.TheChineseCharacterSortingTests;
				PRODUCT_NAME = "$(TARGET_NAME)";
				TEST_HOST = "$(BUILT_PRODUCTS_DIR)/TheChineseCharacterSorting.app/TheChineseCharacterSorting";
			};
			name = Release;
		};
		84F53B9F1D73E19700B5E61A /* Debug */ = {
			isa = XCBuildConfiguration;
			buildSettings = {
				INFOPLIST_FILE = TheChineseCharacterSortingUITests/Info.plist;
				LD_RUNPATH_SEARCH_PATHS = "$(inherited) @executable_path/Frameworks @loader_path/Frameworks";
				PRODUCT_BUNDLE_IDENTIFIER = wizet.TheChineseCharacterSortingUITests;
				PRODUCT_NAME = "$(TARGET_NAME)";
				TEST_TARGET_NAME = TheChineseCharacterSorting;
			};
			name = Debug;
		};
		84F53BA01D73E19700B5E61A /* Release */ = {
			isa = XCBuildConfiguration;
			buildSettings = {
				INFOPLIST_FILE = TheChineseCharacterSortingUITests/Info.plist;
				LD_RUNPATH_SEARCH_PATHS = "$(inherited) @executable_path/Frameworks @loader_path/Frameworks";
				PRODUCT_BUNDLE_IDENTIFIER = wizet.TheChineseCharacterSortingUITests;
				PRODUCT_NAME = "$(TARGET_NAME)";
				TEST_TARGET_NAME = TheChineseCharacterSorting;
			};
			name = Release;
		};
/* End XCBuildConfiguration section */

/* Begin XCConfigurationList section */
		84F53B661D73E19700B5E61A /* Build configuration list for PBXProject "TheChineseCharacterSorting" */ = {
			isa = XCConfigurationList;
			buildConfigurations = (
				84F53B961D73E19700B5E61A /* Debug */,
				84F53B971D73E19700B5E61A /* Release */,
			);
			defaultConfigurationIsVisible = 0;
			defaultConfigurationName = Release;
		};
		84F53B981D73E19700B5E61A /* Build configuration list for PBXNativeTarget "TheChineseCharacterSorting" */ = {
			isa = XCConfigurationList;
			buildConfigurations = (
				84F53B991D73E19700B5E61A /* Debug */,
				84F53B9A1D73E19700B5E61A /* Release */,
			);
			defaultConfigurationIsVisible = 0;
			defaultConfigurationName = Release;
		};
		84F53B9B1D73E19700B5E61A /* Build configuration list for PBXNativeTarget "TheChineseCharacterSortingTests" */ = {
			isa = XCConfigurationList;
			buildConfigurations = (
				84F53B9C1D73E19700B5E61A /* Debug */,
				84F53B9D1D73E19700B5E61A /* Release */,
			);
			defaultConfigurationIsVisible = 0;
			defaultConfigurationName = Release;
		};
		84F53B9E1D73E19700B5E61A /* Build configuration list for PBXNativeTarget "TheChineseCharacterSortingUITests" */ = {
			isa = XCConfigurationList;
			buildConfigurations = (
				84F53B9F1D73E19700B5E61A /* Debug */,
				84F53BA01D73E19700B5E61A /* Release */,
			);
			defaultConfigurationIsVisible = 0;
			defaultConfigurationName = Release;
		};
/* End XCConfigurationList section */
	};
	rootObject = 84F53B631D73E19700B5E61A /* Project object */;
}
